
Microsoft Visual Studio Solution File, Format Version 12.00
# Visual Studio Version 16
VisualStudioVersion = 16.0.31424.327
MinimumVisualStudioVersion = 10.0.40219.1
Project("{FAE04EC0-301F-11D3-BF4B-00C04F79EFBC}") = "eBankingUI.Android", "eBankingUI\eBankingUI.Android\eBankingUI.Android.csproj", "{608E91BC-4073-49C8-BE57-8B56773730B2}"
EndProject
Project("{FAE04EC0-301F-11D3-BF4B-00C04F79EFBC}") = "eBankingUI.iOS", "eBankingUI\eBankingUI.iOS\eBankingUI.iOS.csproj", "{8136E0DC-48D7-4021-9079-EC11CFFD424A}"
EndProject
Project("{FAE04EC0-301F-11D3-BF4B-00C04F79EFBC}") = "eBankingUI", "eBankingUI\eBankingUI\eBankingUI.csproj", "{DF427DE4-C656-49D6-B52D-1E242D6710BB}"
EndProject
Global
	GlobalSection(SolutionConfigurationPlatforms) = preSolution
		Debug|Any CPU = Debug|Any CPU
		Debug|iPhone = Debug|iPhone
		Debug|iPhoneSimulator = Debug|iPhoneSimulator
		Release|Any CPU = Release|Any CPU
		Release|iPhone = Release|iPhone
		Release|iPhoneSimulator = Release|iPhoneSimulator
	EndGlobalSection
	GlobalSection(ProjectConfigurationPlatforms) = postSolution
		{608E91BC-4073-49C8-BE57-8B56773730B2}.Debug|Any CPU.ActiveCfg = Debug|Any CPU
		{608E91BC-4073-49C8-BE57-8B56773730B2}.Debug|Any CPU.Build.0 = Debug|Any CPU
		{608E91BC-4073-49C8-BE57-8B56773730B2}.Debug|Any CPU.Deploy.0 = Debug|Any CPU
		{608E91BC-4073-49C8-BE57-8B56773730B2}.Debug|iPhone.ActiveCfg = Debug|Any CPU
		{608E91BC-4073-49C8-BE57-8B56773730B2}.Debug|iPhone.Build.0 = Debug|Any CPU
		{608E91BC-4073-49C8-BE57-8B56773730B2}.Debug|iPhone.Deploy.0 = Debug|Any CPU
		{608E91BC-4073-49C8-BE57-8B56773730B2}.Debug|iPhoneSimulator.ActiveCfg = Debug|Any CPU
		{608E91BC-4073-49C8-BE57-8B56773730B2}.Debug|iPhoneSimulator.Build.0 = Debug|Any CPU
		{608E91BC-4073-49C8-BE57-8B56773730B2}.Debug|iPhoneSimulator.Deploy.0 = Debug|Any CPU
		{608E91BC-4073-49C8-BE57-8B56773730B2}.Release|Any CPU.ActiveCfg = Release|Any CPU
		{608E91BC-4073-49C8-BE57-8B56773730B2}.Release|Any CPU.Build.0 = Release|Any CPU
		{608E91BC-4073-49C8-BE57-8B56773730B2}.Release|Any CPU.Deploy.0 = Release|Any CPU
		{608E91BC-4073-49C8-BE57-8B56773730B2}.Release|iPhone.ActiveCfg = Release|Any CPU
		{608E91BC-4073-49C8-BE57-8B56773730B2}.Release|iPhone.Build.0 = Release|Any CPU
		{608E91BC-4073-49C8-BE57-8B56773730B2}.Release|iPhone.Deploy.0 = Release|Any CPU
		{608E91BC-4073-49C8-BE57-8B56773730B2}.Release|iPhoneSimulator.ActiveCfg = Release|Any CPU
		{608E91BC-4073-49C8-BE57-8B56773730B2}.Release|iPhoneSimulator.Build.0 = Release|Any CPU
		{608E91BC-4073-49C8-BE57-8B56773730B2}.Release|iPhoneSimulator.Deploy.0 = Release|Any CPU
		{8136E0DC-48D7-4021-9079-EC11CFFD424A}.Debug|Any CPU.ActiveCfg = Debug|iPhone
		{8136E0DC-48D7-4021-9079-EC11CFFD424A}.Debug|Any CPU.Build.0 = Debug|iPhone
		{8136E0DC-48D7-4021-9079-EC11CFFD424A}.Debug|Any CPU.Deploy.0 = Debug|iPhone
		{8136E0DC-48D7-4021-9079-EC11CFFD424A}.Debug|iPhone.ActiveCfg = Debug|iPhone
		{8136E0DC-48D7-4021-9079-EC11CFFD424A}.Debug|iPhone.Build.0 = Debug|iPhone
		{8136E0DC-48D7-4021-9079-EC11CFFD424A}.Debug|iPhone.Deploy.0 = Debug|iPhone
		{8136E0DC-48D7-4021-9079-EC11CFFD424A}.Debug|iPhoneSimulator.ActiveCfg = Debug|iPhoneSimulator
		{8136E0DC-48D7-4021-9079-EC11CFFD424A}.Debug|iPhoneSimulator.Build.0 = Debug|iPhoneSimulator
		{8136E0DC-48D7-4021-9079-EC11CFFD424A}.Debug|iPhoneSimulator.Deploy.0 = Debug|iPhoneSimulator
		{8136E0DC-48D7-4021-9079-EC11CFFD424A}.Release|Any CPU.ActiveCfg = Release|iPhoneSimulator
		{8136E0DC-48D7-4021-9079-EC11CFFD424A}.Release|Any CPU.Build.0 = Release|iPhoneSimulator
		{8136E0DC-48D7-4021-9079-EC11CFFD424A}.Release|Any CPU.Deploy.0 = Release|iPhoneSimulator
		{8136E0DC-48D7-4021-9079-EC11CFFD424A}.Release|iPhone.ActiveCfg = Release|iPhone
		{8136E0DC-48D7-4021-9079-EC11CFFD424A}.Release|iPhone.Build.0 = Release|iPhone
		{8136E0DC-48D7-4021-9079-EC11CFFD424A}.Release|iPhone.Deploy.0 = Release|iPhone
		{8136E0DC-48D7-4021-9079-EC11CFFD424A}.Release|iPhoneSimulator.ActiveCfg = Release|iPhoneSimulator
		{8136E0DC-48D7-4021-9079-EC11CFFD424A}.Release|iPhoneSimulator.Build.0 = Release|iPhoneSimulator
		{8136E0DC-48D7-4021-9079-EC11CFFD424A}.Release|iPhoneSimulator.Deploy.0 = Release|iPhoneSimulator
		{DF427DE4-C656-49D6-B52D-1E242D6710BB}.Debug|Any CPU.ActiveCfg = Debug|Any CPU
		{DF427DE4-C656-49D6-B52D-1E242D6710BB}.Debug|Any CPU.Build.0 = Debug|Any CPU
		{DF427DE4-C656-49D6-B52D-1E242D6710BB}.Debug|Any CPU.Deploy.0 = Debug|Any CPU
		{DF427DE4-C656-49D6-B52D-1E242D6710BB}.Debug|iPhone.ActiveCfg = Debug|Any CPU
		{DF427DE4-C656-49D6-B52D-1E242D6710BB}.Debug|iPhone.Build.0 = Debug|Any CPU
		{DF427DE4-C656-49D6-B52D-1E242D6710BB}.Debug|iPhone.Deploy.0 = Debug|Any CPU
		{DF427DE4-C656-49D6-B52D-1E242D6710BB}.Debug|iPhoneSimulator.ActiveCfg = Debug|Any CPU
		{DF427DE4-C656-49D6-B52D-1E242D6710BB}.Debug|iPhoneSimulator.Build.0 = Debug|Any CPU
		{DF427DE4-C656-49D6-B52D-1E242D6710BB}.Debug|iPhoneSimulator.Deploy.0 = Debug|Any CPU
		{DF427DE4-C656-49D6-B52D-1E242D6710BB}.Release|Any CPU.ActiveCfg = Release|Any CPU
		{DF427DE4-C656-49D6-B52D-1E242D6710BB}.Release|Any CPU.Build.0 = Release|Any CPU
		{DF427DE4-C656-49D6-B52D-1E242D6710BB}.Release|Any CPU.Deploy.0 = Release|Any CPU
		{DF427DE4-C656-49D6-B52D-1E242D6710BB}.Release|iPhone.ActiveCfg = Release|Any CPU
		{DF427DE4-C656-49D6-B52D-1E242D6710BB}.Release|iPhone.Build.0 = Release|Any CPU
		{DF427DE4-C656-49D6-B52D-1E242D6710BB}.Release|iPhone.Deploy.0 = Release|Any CPU
		{DF427DE4-C656-49D6-B52D-1E242D6710BB}.Release|iPhoneSimulator.ActiveCfg = Release|Any CPU
		{DF427DE4-C656-49D6-B52D-1E242D6710BB}.Release|iPhoneSimulator.Build.0 = Release|Any CPU
		{DF427DE4-C656-49D6-B52D-1E242D6710BB}.Release|iPhoneSimulator.Deploy.0 = Release|Any CPU
	EndGlobalSection
	GlobalSection(SolutionProperties) = preSolution
		HideSolutionNode = FALSE
	EndGlobalSection
	GlobalSection(ExtensibilityGlobals) = postSolution
		SolutionGuid = {CA4C690D-A272-4AB8-9622-334847E61EDC}
	EndGlobalSection
EndGlobal
